PATH
  remote: .
  specs:
    sekrets (1.14.0)
      coerce (~> 0.0.8)
      fattr (~> 2.4)
      main (~> 6.3)
      map (~> 6.6)
      openssl (~> 3.2)

GEM
  remote: https://rubygems.org/
  specs:
    arrayfields (4.9.2)
    chronic (0.10.2)
    coerce (0.0.8)
      chronic (>= 0.6.2)
    fattr (2.4.0)
    main (6.3.0)
      arrayfields (~> 4.9, >= 4.9.2)
      chronic (~> 0.10, >= 0.10.2)
      fattr (~> 2.4, >= 2.4.0)
      map (~> 6.6, >= 6.6.0)
    map (6.6.0)
    openssl (3.2.0)
    power_assert (2.0.4)
    rake (13.2.1)
    test-unit (3.6.2)
      power_assert

PLATFORMS
  ruby

DEPENDENCIES
  rake (~> 13.2)
  sekrets!
  test-unit (~> 3.6)

BUNDLED WITH
   2.5.23
